
Microsoft Visual Studio Solution File, Format Version 12.00
# Visual Studio 15
VisualStudioVersion = 15.0.28010.2048
MinimumVisualStudioVersion = 10.0.40219.1
Project("{FAE04EC0-301F-11D3-BF4B-00C04F79EFBC}") = "OverloadApp", "OverloadApp\OverloadApp.csproj", "{6750B041-2534-4B9D-B53C-52D8ABDF84E5}"
EndProject
Global
	GlobalSection(SolutionConfigurationPlatforms) = preSolution
		Debug|Any CPU = Debug|Any CPU
		Release|Any CPU = Release|Any CPU
	EndGlobalSection
	GlobalSection(ProjectConfigurationPlatforms) = postSolution
		{6750B041-2534-4B9D-B53C-52D8ABDF84E5}.Debug|Any CPU.ActiveCfg = Debug|Any CPU
		{6750B041-2534-4B9D-B53C-52D8ABDF84E5}.Debug|Any CPU.Build.0 = Debug|Any CPU
		{6750B041-2534-4B9D-B53C-52D8ABDF84E5}.Release|Any CPU.ActiveCfg = Release|Any CPU
		{6750B041-2534-4B9D-B53C-52D8ABDF84E5}.Release|Any CPU.Build.0 = Release|Any CPU
	EndGlobalSection
	GlobalSection(SolutionProperties) = preSolution
		HideSolutionNode = FALSE
	EndGlobalSection
	GlobalSection(ExtensibilityGlobals) = postSolution
		SolutionGuid = {9C61A336-D8E1-43F4-9454-DEF36B0EA3E8}
	EndGlobalSection
EndGlobal
