
Microsoft Visual Studio Solution File, Format Version 12.00
# Visual Studio 15
VisualStudioVersion = 15.0.28010.2048
MinimumVisualStudioVersion = 10.0.40219.1
Project("{FAE04EC0-301F-11D3-BF4B-00C04F79EFBC}") = "StreamWriter", "StreamWriter\StreamWriter.csproj", "{86F20CDA-FE6C-4815-AB44-1CDD70CBBF6C}"
EndProject
Global
	GlobalSection(SolutionConfigurationPlatforms) = preSolution
		Debug|Any CPU = Debug|Any CPU
		Release|Any CPU = Release|Any CPU
	EndGlobalSection
	GlobalSection(ProjectConfigurationPlatforms) = postSolution
		{86F20CDA-FE6C-4815-AB44-1CDD70CBBF6C}.Debug|Any CPU.ActiveCfg = Debug|Any CPU
		{86F20CDA-FE6C-4815-AB44-1CDD70CBBF6C}.Debug|Any CPU.Build.0 = Debug|Any CPU
		{86F20CDA-FE6C-4815-AB44-1CDD70CBBF6C}.Release|Any CPU.ActiveCfg = Release|Any CPU
		{86F20CDA-FE6C-4815-AB44-1CDD70CBBF6C}.Release|Any CPU.Build.0 = Release|Any CPU
	EndGlobalSection
	GlobalSection(SolutionProperties) = preSolution
		HideSolutionNode = FALSE
	EndGlobalSection
	GlobalSection(ExtensibilityGlobals) = postSolution
		SolutionGuid = {EE1F4016-7EE6-47C0-B922-0849A2C3CD47}
	EndGlobalSection
EndGlobal
