
Microsoft Visual Studio Solution File, Format Version 12.00
# Visual Studio 15
VisualStudioVersion = 15.0.28010.2048
MinimumVisualStudioVersion = 10.0.40219.1
Project("{FAE04EC0-301F-11D3-BF4B-00C04F79EFBC}") = "InheritanceConstructorApp", "InheritanceConstructorApp\InheritanceConstructorApp.csproj", "{08781A54-3797-4F09-9093-0CCA37A6B7DD}"
EndProject
Global
	GlobalSection(SolutionConfigurationPlatforms) = preSolution
		Debug|Any CPU = Debug|Any CPU
		Release|Any CPU = Release|Any CPU
	EndGlobalSection
	GlobalSection(ProjectConfigurationPlatforms) = postSolution
		{08781A54-3797-4F09-9093-0CCA37A6B7DD}.Debug|Any CPU.ActiveCfg = Debug|Any CPU
		{08781A54-3797-4F09-9093-0CCA37A6B7DD}.Debug|Any CPU.Build.0 = Debug|Any CPU
		{08781A54-3797-4F09-9093-0CCA37A6B7DD}.Release|Any CPU.ActiveCfg = Release|Any CPU
		{08781A54-3797-4F09-9093-0CCA37A6B7DD}.Release|Any CPU.Build.0 = Release|Any CPU
	EndGlobalSection
	GlobalSection(SolutionProperties) = preSolution
		HideSolutionNode = FALSE
	EndGlobalSection
	GlobalSection(ExtensibilityGlobals) = postSolution
		SolutionGuid = {215E883D-A18A-416F-A5B9-B77A1B6DA61A}
	EndGlobalSection
EndGlobal
