
Microsoft Visual Studio Solution File, Format Version 12.00
# Visual Studio 15
VisualStudioVersion = 15.0.28010.2048
MinimumVisualStudioVersion = 10.0.40219.1
Project("{FAE04EC0-301F-11D3-BF4B-00C04F79EFBC}") = "IEnumerable", "IEnumerable\IEnumerable.csproj", "{DE94FD82-3F0A-4F30-A847-FED267C365DC}"
EndProject
Global
	GlobalSection(SolutionConfigurationPlatforms) = preSolution
		Debug|Any CPU = Debug|Any CPU
		Release|Any CPU = Release|Any CPU
	EndGlobalSection
	GlobalSection(ProjectConfigurationPlatforms) = postSolution
		{DE94FD82-3F0A-4F30-A847-FED267C365DC}.Debug|Any CPU.ActiveCfg = Debug|Any CPU
		{DE94FD82-3F0A-4F30-A847-FED267C365DC}.Debug|Any CPU.Build.0 = Debug|Any CPU
		{DE94FD82-3F0A-4F30-A847-FED267C365DC}.Release|Any CPU.ActiveCfg = Release|Any CPU
		{DE94FD82-3F0A-4F30-A847-FED267C365DC}.Release|Any CPU.Build.0 = Release|Any CPU
	EndGlobalSection
	GlobalSection(SolutionProperties) = preSolution
		HideSolutionNode = FALSE
	EndGlobalSection
	GlobalSection(ExtensibilityGlobals) = postSolution
		SolutionGuid = {DCABC798-DE86-41D5-AA1E-6AAB72C4B00F}
	EndGlobalSection
EndGlobal
