
Microsoft Visual Studio Solution File, Format Version 12.00
# Visual Studio 15
VisualStudioVersion = 15.0.28010.2048
MinimumVisualStudioVersion = 10.0.40219.1
Project("{FAE04EC0-301F-11D3-BF4B-00C04F79EFBC}") = "AccountException", "AccountException\AccountException.csproj", "{1FF3E409-683A-4ED3-AC13-E1210CAC5825}"
EndProject
Global
	GlobalSection(SolutionConfigurationPlatforms) = preSolution
		Debug|Any CPU = Debug|Any CPU
		Release|Any CPU = Release|Any CPU
	EndGlobalSection
	GlobalSection(ProjectConfigurationPlatforms) = postSolution
		{1FF3E409-683A-4ED3-AC13-E1210CAC5825}.Debug|Any CPU.ActiveCfg = Debug|Any CPU
		{1FF3E409-683A-4ED3-AC13-E1210CAC5825}.Debug|Any CPU.Build.0 = Debug|Any CPU
		{1FF3E409-683A-4ED3-AC13-E1210CAC5825}.Release|Any CPU.ActiveCfg = Release|Any CPU
		{1FF3E409-683A-4ED3-AC13-E1210CAC5825}.Release|Any CPU.Build.0 = Release|Any CPU
	EndGlobalSection
	GlobalSection(SolutionProperties) = preSolution
		HideSolutionNode = FALSE
	EndGlobalSection
	GlobalSection(ExtensibilityGlobals) = postSolution
		SolutionGuid = {26A1FD9C-490D-4C92-82E5-3B0F18CD4077}
	EndGlobalSection
EndGlobal
