
Microsoft Visual Studio Solution File, Format Version 12.00
# Visual Studio 15
VisualStudioVersion = 15.0.28010.2048
MinimumVisualStudioVersion = 10.0.40219.1
Project("{FAE04EC0-301F-11D3-BF4B-00C04F79EFBC}") = "ExceptionStackTrace", "ExceptionStackTrace\ExceptionStackTrace.csproj", "{961B7F99-6EB0-4D07-ACB6-04E42DDEE771}"
EndProject
Global
	GlobalSection(SolutionConfigurationPlatforms) = preSolution
		Debug|Any CPU = Debug|Any CPU
		Release|Any CPU = Release|Any CPU
	EndGlobalSection
	GlobalSection(ProjectConfigurationPlatforms) = postSolution
		{961B7F99-6EB0-4D07-ACB6-04E42DDEE771}.Debug|Any CPU.ActiveCfg = Debug|Any CPU
		{961B7F99-6EB0-4D07-ACB6-04E42DDEE771}.Debug|Any CPU.Build.0 = Debug|Any CPU
		{961B7F99-6EB0-4D07-ACB6-04E42DDEE771}.Release|Any CPU.ActiveCfg = Release|Any CPU
		{961B7F99-6EB0-4D07-ACB6-04E42DDEE771}.Release|Any CPU.Build.0 = Release|Any CPU
	EndGlobalSection
	GlobalSection(SolutionProperties) = preSolution
		HideSolutionNode = FALSE
	EndGlobalSection
	GlobalSection(ExtensibilityGlobals) = postSolution
		SolutionGuid = {471DBFFF-0474-4400-99B4-3C81E904494E}
	EndGlobalSection
EndGlobal
